
Microsoft Visual Studio Solution File, Format Version 12.00
# Visual Studio Version 17
VisualStudioVersion = 17.1.32228.430
MinimumVisualStudioVersion = 10.0.40219.1
Project("{9A19103F-16F7-4668-BE54-9A1E7A4F7556}") = "CleanArchitecture", "CleanArchitecture\CleanArchitecture.csproj", "{8E55FA94-F632-4F98-8B51-198571EE0456}"
EndProject
Project("{FAE04EC0-301F-11D3-BF4B-00C04F79EFBC}") = "CleanArchitecture.Application", "CleanArchitecture.Application\CleanArchitecture.Application.csproj", "{A7F4C0A5-9A1C-40FA-A3AF-2E55F56805B4}"
EndProject
Project("{FAE04EC0-301F-11D3-BF4B-00C04F79EFBC}") = "CleanArchitecture.Domain", "CleanArchitecture.Domain\CleanArchitecture.Domain.csproj", "{76F40089-6E5C-4196-A977-E37005175C39}"
EndProject
Project("{FAE04EC0-301F-11D3-BF4B-00C04F79EFBC}") = "CleanArchitecture.Infrastructure", "CleanArchitecture.Infrastructure\CleanArchitecture.Infrastructure.csproj", "{0EF50979-265A-41F1-8517-9717489B0CC9}"
EndProject
Global
	GlobalSection(SolutionConfigurationPlatforms) = preSolution
		Debug|Any CPU = Debug|Any CPU
		Release|Any CPU = Release|Any CPU
	EndGlobalSection
	GlobalSection(ProjectConfigurationPlatforms) = postSolution
		{8E55FA94-F632-4F98-8B51-198571EE0456}.Debug|Any CPU.ActiveCfg = Debug|Any CPU
		{8E55FA94-F632-4F98-8B51-198571EE0456}.Debug|Any CPU.Build.0 = Debug|Any CPU
		{8E55FA94-F632-4F98-8B51-198571EE0456}.Release|Any CPU.ActiveCfg = Release|Any CPU
		{8E55FA94-F632-4F98-8B51-198571EE0456}.Release|Any CPU.Build.0 = Release|Any CPU
		{A7F4C0A5-9A1C-40FA-A3AF-2E55F56805B4}.Debug|Any CPU.ActiveCfg = Debug|Any CPU
		{A7F4C0A5-9A1C-40FA-A3AF-2E55F56805B4}.Debug|Any CPU.Build.0 = Debug|Any CPU
		{A7F4C0A5-9A1C-40FA-A3AF-2E55F56805B4}.Release|Any CPU.ActiveCfg = Release|Any CPU
		{A7F4C0A5-9A1C-40FA-A3AF-2E55F56805B4}.Release|Any CPU.Build.0 = Release|Any CPU
		{76F40089-6E5C-4196-A977-E37005175C39}.Debug|Any CPU.ActiveCfg = Debug|Any CPU
		{76F40089-6E5C-4196-A977-E37005175C39}.Debug|Any CPU.Build.0 = Debug|Any CPU
		{76F40089-6E5C-4196-A977-E37005175C39}.Release|Any CPU.ActiveCfg = Release|Any CPU
		{76F40089-6E5C-4196-A977-E37005175C39}.Release|Any CPU.Build.0 = Release|Any CPU
		{0EF50979-265A-41F1-8517-9717489B0CC9}.Debug|Any CPU.ActiveCfg = Debug|Any CPU
		{0EF50979-265A-41F1-8517-9717489B0CC9}.Debug|Any CPU.Build.0 = Debug|Any CPU
		{0EF50979-265A-41F1-8517-9717489B0CC9}.Release|Any CPU.ActiveCfg = Release|Any CPU
		{0EF50979-265A-41F1-8517-9717489B0CC9}.Release|Any CPU.Build.0 = Release|Any CPU
	EndGlobalSection
	GlobalSection(SolutionProperties) = preSolution
		HideSolutionNode = FALSE
	EndGlobalSection
	GlobalSection(ExtensibilityGlobals) = postSolution
		SolutionGuid = {0DC16F32-1320-4EB4-A61F-4594142114AE}
	EndGlobalSection
EndGlobal
